
Microsoft Visual Studio Solution File, Format Version 12.00
# Visual Studio 14
VisualStudioVersion = 14.0.25420.1
MinimumVisualStudioVersion = 10.0.40219.1
Project("{FAE04EC0-301F-11D3-BF4B-00C04F79EFBC}") = "old_CRM", "src\old_CRM.csproj", "{4924EEBA-EC2B-4A7B-A93D-9723D9E35B1A}"
EndProject
Project("{FAE04EC0-301F-11D3-BF4B-00C04F79EFBC}") = "CRM", "CRM\CRM.csproj", "{9C3A0E03-5AC3-4D30-B9CE-B39F81046D40}"
EndProject
Project("{FAE04EC0-301F-11D3-BF4B-00C04F79EFBC}") = "Model", "Model\Model.csproj", "{D2E2E6FB-3A00-42B1-8B08-C2E5570EC082}"
EndProject
Global
	GlobalSection(SolutionConfigurationPlatforms) = preSolution
		Debug|Any CPU = Debug|Any CPU
		Release|Any CPU = Release|Any CPU
	EndGlobalSection
	GlobalSection(ProjectConfigurationPlatforms) = postSolution
		{4924EEBA-EC2B-4A7B-A93D-9723D9E35B1A}.Debug|Any CPU.ActiveCfg = Debug|Any CPU
		{4924EEBA-EC2B-4A7B-A93D-9723D9E35B1A}.Debug|Any CPU.Build.0 = Debug|Any CPU
		{4924EEBA-EC2B-4A7B-A93D-9723D9E35B1A}.Release|Any CPU.ActiveCfg = Release|Any CPU
		{4924EEBA-EC2B-4A7B-A93D-9723D9E35B1A}.Release|Any CPU.Build.0 = Release|Any CPU
		{9C3A0E03-5AC3-4D30-B9CE-B39F81046D40}.Debug|Any CPU.ActiveCfg = Debug|Any CPU
		{9C3A0E03-5AC3-4D30-B9CE-B39F81046D40}.Debug|Any CPU.Build.0 = Debug|Any CPU
		{9C3A0E03-5AC3-4D30-B9CE-B39F81046D40}.Release|Any CPU.ActiveCfg = Release|Any CPU
		{9C3A0E03-5AC3-4D30-B9CE-B39F81046D40}.Release|Any CPU.Build.0 = Release|Any CPU
		{D2E2E6FB-3A00-42B1-8B08-C2E5570EC082}.Debug|Any CPU.ActiveCfg = Debug|Any CPU
		{D2E2E6FB-3A00-42B1-8B08-C2E5570EC082}.Debug|Any CPU.Build.0 = Debug|Any CPU
		{D2E2E6FB-3A00-42B1-8B08-C2E5570EC082}.Release|Any CPU.ActiveCfg = Release|Any CPU
		{D2E2E6FB-3A00-42B1-8B08-C2E5570EC082}.Release|Any CPU.Build.0 = Release|Any CPU
	EndGlobalSection
	GlobalSection(SolutionProperties) = preSolution
		HideSolutionNode = FALSE
	EndGlobalSection
EndGlobal
